
Microsoft Visual Studio Solution File, Format Version 12.00
# Visual Studio Version 17
VisualStudioVersion = 17.14.36414.22 d17.14
MinimumVisualStudioVersion = 10.0.40219.1
Project("{FAE04EC0-301F-11D3-BF4B-00C04F79EFBC}") = "MuhasebeWepApp", "MuhasebeWepApp\MuhasebeWepApp.csproj", "{CDB09D7F-BC39-41F1-81D8-5D81AABD3408}"
EndProject
Global
	GlobalSection(SolutionConfigurationPlatforms) = preSolution
		Debug|Any CPU = Debug|Any CPU
		Release|Any CPU = Release|Any CPU
	EndGlobalSection
	GlobalSection(ProjectConfigurationPlatforms) = postSolution
		{CDB09D7F-BC39-41F1-81D8-5D81AABD3408}.Debug|Any CPU.ActiveCfg = Debug|Any CPU
		{CDB09D7F-BC39-41F1-81D8-5D81AABD3408}.Debug|Any CPU.Build.0 = Debug|Any CPU
		{CDB09D7F-BC39-41F1-81D8-5D81AABD3408}.Release|Any CPU.ActiveCfg = Release|Any CPU
		{CDB09D7F-BC39-41F1-81D8-5D81AABD3408}.Release|Any CPU.Build.0 = Release|Any CPU
	EndGlobalSection
	GlobalSection(SolutionProperties) = preSolution
		HideSolutionNode = FALSE
	EndGlobalSection
	GlobalSection(ExtensibilityGlobals) = postSolution
		SolutionGuid = {BAFCE3BA-5055-4670-BCF3-811F2E25D79A}
	EndGlobalSection
EndGlobal
